
Microsoft Visual Studio Solution File, Format Version 12.00
# Visual Studio 15
VisualStudioVersion = 15.0.27130.2027
MinimumVisualStudioVersion = 10.0.40219.1
Project("{FAE04EC0-301F-11D3-BF4B-00C04F79EFBC}") = "Favo", "Favo\Favo.csproj", "{728F700B-CD50-4BFC-9DA6-58C3A366EE75}"
EndProject
Global
	GlobalSection(SolutionConfigurationPlatforms) = preSolution
		Debug|Any CPU = Debug|Any CPU
		Release|Any CPU = Release|Any CPU
	EndGlobalSection
	GlobalSection(ProjectConfigurationPlatforms) = postSolution
		{728F700B-CD50-4BFC-9DA6-58C3A366EE75}.Debug|Any CPU.ActiveCfg = Debug|Any CPU
		{728F700B-CD50-4BFC-9DA6-58C3A366EE75}.Debug|Any CPU.Build.0 = Debug|Any CPU
		{728F700B-CD50-4BFC-9DA6-58C3A366EE75}.Release|Any CPU.ActiveCfg = Release|Any CPU
		{728F700B-CD50-4BFC-9DA6-58C3A366EE75}.Release|Any CPU.Build.0 = Release|Any CPU
	EndGlobalSection
	GlobalSection(SolutionProperties) = preSolution
		HideSolutionNode = FALSE
	EndGlobalSection
	GlobalSection(ExtensibilityGlobals) = postSolution
		SolutionGuid = {78AE24C6-492D-49C2-98E1-FB243A5737CF}
	EndGlobalSection
EndGlobal
